
Microsoft Visual Studio Solution File, Format Version 12.00
# Visual Studio Version 16
VisualStudioVersion = 16.0.31605.320
MinimumVisualStudioVersion = 10.0.40219.1
Project("{9A19103F-16F7-4668-BE54-9A1E7A4F7556}") = "KernelFun", "Source\KernelFun.csproj", "{B632E443-6EE7-4A3F-8AF6-A3EA9B8FD9B1}"
EndProject
Global
	GlobalSection(SolutionConfigurationPlatforms) = preSolution
		Debug|Any CPU = Debug|Any CPU
		Release|Any CPU = Release|Any CPU
	EndGlobalSection
	GlobalSection(ProjectConfigurationPlatforms) = postSolution
		{B632E443-6EE7-4A3F-8AF6-A3EA9B8FD9B1}.Debug|Any CPU.ActiveCfg = Debug|Any CPU
		{B632E443-6EE7-4A3F-8AF6-A3EA9B8FD9B1}.Debug|Any CPU.Build.0 = Debug|Any CPU
		{B632E443-6EE7-4A3F-8AF6-A3EA9B8FD9B1}.Release|Any CPU.ActiveCfg = Release|Any CPU
		{B632E443-6EE7-4A3F-8AF6-A3EA9B8FD9B1}.Release|Any CPU.Build.0 = Release|Any CPU
	EndGlobalSection
	GlobalSection(SolutionProperties) = preSolution
		HideSolutionNode = FALSE
	EndGlobalSection
	GlobalSection(ExtensibilityGlobals) = postSolution
		SolutionGuid = {C0829158-358E-4950-BBD1-011BBA1D0B95}
	EndGlobalSection
EndGlobal
